
Microsoft Visual Studio Solution File, Format Version 12.00
# Visual Studio Version 17
VisualStudioVersion = 17.7.34202.233
MinimumVisualStudioVersion = 10.0.40219.1
Project("{8BC9CEB8-8B4A-11D0-8D11-00A0C91BC942}") = "Project1", "Project1.vcxproj", "{FAD010B8-221D-4BE7-A2F0-D041E48FE251}"
EndProject
Global
	GlobalSection(SolutionConfigurationPlatforms) = preSolution
		Debug|x64 = Debug|x64
		Debug|x86 = Debug|x86
		Release|x64 = Release|x64
		Release|x86 = Release|x86
	EndGlobalSection
	GlobalSection(ProjectConfigurationPlatforms) = postSolution
		{FAD010B8-221D-4BE7-A2F0-D041E48FE251}.Debug|x64.ActiveCfg = Debug|x64
		{FAD010B8-221D-4BE7-A2F0-D041E48FE251}.Debug|x64.Build.0 = Debug|x64
		{FAD010B8-221D-4BE7-A2F0-D041E48FE251}.Debug|x86.ActiveCfg = Debug|Win32
		{FAD010B8-221D-4BE7-A2F0-D041E48FE251}.Debug|x86.Build.0 = Debug|Win32
		{FAD010B8-221D-4BE7-A2F0-D041E48FE251}.Release|x64.ActiveCfg = Release|x64
		{FAD010B8-221D-4BE7-A2F0-D041E48FE251}.Release|x64.Build.0 = Release|x64
		{FAD010B8-221D-4BE7-A2F0-D041E48FE251}.Release|x86.ActiveCfg = Release|Win32
		{FAD010B8-221D-4BE7-A2F0-D041E48FE251}.Release|x86.Build.0 = Release|Win32
	EndGlobalSection
	GlobalSection(SolutionProperties) = preSolution
		HideSolutionNode = FALSE
	EndGlobalSection
	GlobalSection(ExtensibilityGlobals) = postSolution
		SolutionGuid = {6E645ED4-DF04-4235-9171-E11BA76636F2}
	EndGlobalSection
EndGlobal
