
Microsoft Visual Studio Solution File, Format Version 12.00
# Visual Studio Version 17
VisualStudioVersion = 17.7.34202.233
MinimumVisualStudioVersion = 10.0.40219.1
Project("{8BC9CEB8-8B4A-11D0-8D11-00A0C91BC942}") = "lab8", "lab8.vcxproj", "{312C12AA-7C39-4FCC-B25B-C3488DC418BA}"
EndProject
Global
	GlobalSection(SolutionConfigurationPlatforms) = preSolution
		Debug|x64 = Debug|x64
		Debug|x86 = Debug|x86
		Release|x64 = Release|x64
		Release|x86 = Release|x86
	EndGlobalSection
	GlobalSection(ProjectConfigurationPlatforms) = postSolution
		{312C12AA-7C39-4FCC-B25B-C3488DC418BA}.Debug|x64.ActiveCfg = Debug|x64
		{312C12AA-7C39-4FCC-B25B-C3488DC418BA}.Debug|x64.Build.0 = Debug|x64
		{312C12AA-7C39-4FCC-B25B-C3488DC418BA}.Debug|x86.ActiveCfg = Debug|Win32
		{312C12AA-7C39-4FCC-B25B-C3488DC418BA}.Debug|x86.Build.0 = Debug|Win32
		{312C12AA-7C39-4FCC-B25B-C3488DC418BA}.Release|x64.ActiveCfg = Release|x64
		{312C12AA-7C39-4FCC-B25B-C3488DC418BA}.Release|x64.Build.0 = Release|x64
		{312C12AA-7C39-4FCC-B25B-C3488DC418BA}.Release|x86.ActiveCfg = Release|Win32
		{312C12AA-7C39-4FCC-B25B-C3488DC418BA}.Release|x86.Build.0 = Release|Win32
	EndGlobalSection
	GlobalSection(SolutionProperties) = preSolution
		HideSolutionNode = FALSE
	EndGlobalSection
	GlobalSection(ExtensibilityGlobals) = postSolution
		SolutionGuid = {8DC6B5D7-8870-4D89-A2D6-3B74BDC4EA86}
	EndGlobalSection
EndGlobal
